
Microsoft Visual Studio Solution File, Format Version 12.00
# Visual Studio Version 17
VisualStudioVersion = 17.14.36616.10 d17.14
MinimumVisualStudioVersion = 10.0.40219.1
Project("{FAE04EC0-301F-11D3-BF4B-00C04F79EFBC}") = "API – ASP .NET Core", "API – ASP .NET Core.csproj", "{394C5CD2-D533-4184-A7F7-B62FF862EC9D}"
EndProject
Global
	GlobalSection(SolutionConfigurationPlatforms) = preSolution
		Debug|Any CPU = Debug|Any CPU
		Release|Any CPU = Release|Any CPU
	EndGlobalSection
	GlobalSection(ProjectConfigurationPlatforms) = postSolution
		{394C5CD2-D533-4184-A7F7-B62FF862EC9D}.Debug|Any CPU.ActiveCfg = Debug|Any CPU
		{394C5CD2-D533-4184-A7F7-B62FF862EC9D}.Debug|Any CPU.Build.0 = Debug|Any CPU
		{394C5CD2-D533-4184-A7F7-B62FF862EC9D}.Release|Any CPU.ActiveCfg = Release|Any CPU
		{394C5CD2-D533-4184-A7F7-B62FF862EC9D}.Release|Any CPU.Build.0 = Release|Any CPU
	EndGlobalSection
	GlobalSection(SolutionProperties) = preSolution
		HideSolutionNode = FALSE
	EndGlobalSection
	GlobalSection(ExtensibilityGlobals) = postSolution
		SolutionGuid = {B51EF849-6B0A-485B-8EB0-C256CC2D4F05}
	EndGlobalSection
EndGlobal
